// !$*UTF8*$!
{
	archiveVersion = 1;
	classes = {
	};
	objectVersion = 46;
	objects = {

/* Begin PBXBuildFile section */
		081E8EFDBD11F26059EEB04B /* Pods_Rebut.framework in Frameworks */ = {isa = PBXBuildFile; fileRef = FF96A1763B022BBDD7ECD215 /* Pods_Rebut.framework */; };
		4C1906501E7B225C003DDCC5 /* Rebutter.swift in Sources */ = {isa = PBXBuildFile; fileRef = 4C19064F1E7B225C003DDCC5 /* Rebutter.swift */; };
		4C1906521E7B241B003DDCC5 /* User.swift in Sources */ = {isa = PBXBuildFile; fileRef = 4C1906511E7B241B003DDCC5 /* User.swift */; };
		4C1906541E7B246E003DDCC5 /* Commenter.swift in Sources */ = {isa = PBXBuildFile; fileRef = 4C1906531E7B246E003DDCC5 /* Commenter.swift */; };
		4C1906561E7B3E4E003DDCC5 /* Source.swift in Sources */ = {isa = PBXBuildFile; fileRef = 4C1906551E7B3E4E003DDCC5 /* Source.swift */; };
		4C269B251E897AA0007B9DFE /* RebuttalTableViewCell.swift in Sources */ = {isa = PBXBuildFile; fileRef = 4C269B241E897AA0007B9DFE /* RebuttalTableViewCell.swift */; };
		4C4A8C2A1E94009000C972F5 /* CommentManager.swift in Sources */ = {isa = PBXBuildFile; fileRef = 4C4A8C291E94009000C972F5 /* CommentManager.swift */; };
		4C6054C81E8D5B800006514E /* RebutPlayer.swift in Sources */ = {isa = PBXBuildFile; fileRef = 4C6054C71E8D5B800006514E /* RebutPlayer.swift */; };
		4C8681131E8EE79800776829 /* PlayButton.swift in Sources */ = {isa = PBXBuildFile; fileRef = 4C8681121E8EE79800776829 /* PlayButton.swift */; };
		4C8681151E8F003A00776829 /* CustomColors.swift in Sources */ = {isa = PBXBuildFile; fileRef = 4C8681141E8F003A00776829 /* CustomColors.swift */; };
		4CA31BC11E8CAF7800EF4D0E /* RebuttalWaveFormCell.swift in Sources */ = {isa = PBXBuildFile; fileRef = 4CA31BC01E8CAF7800EF4D0E /* RebuttalWaveFormCell.swift */; };
		4CA31BC31E9334CB00EF4D0E /* PostViewController.swift in Sources */ = {isa = PBXBuildFile; fileRef = 4CA31BC21E9334CB00EF4D0E /* PostViewController.swift */; };
		4CA31BC61E94866800EF4D0E /* RebuttalCard.xib in Resources */ = {isa = PBXBuildFile; fileRef = 4CA31BC51E94866800EF4D0E /* RebuttalCard.xib */; };
		4CA31BC81E94A69E00EF4D0E /* RebuttalCard.swift in Sources */ = {isa = PBXBuildFile; fileRef = 4CA31BC71E94A69E00EF4D0E /* RebuttalCard.swift */; };
		4CA3AF5A1E80E4F8006BE3F0 /* Rebuttal.swift in Sources */ = {isa = PBXBuildFile; fileRef = 4CA3AF591E80E4F8006BE3F0 /* Rebuttal.swift */; };
		4CA3AF5C1E82133B006BE3F0 /* RebuttleViewModel.swift in Sources */ = {isa = PBXBuildFile; fileRef = 4CA3AF5B1E82133B006BE3F0 /* RebuttleViewModel.swift */; };
		4CBC60581E7A2D42005C26D4 /* AppDelegate.swift in Sources */ = {isa = PBXBuildFile; fileRef = 4CBC60571E7A2D42005C26D4 /* AppDelegate.swift */; };
		4CBC605A1E7A2D42005C26D4 /* RebutFeedViewController.swift in Sources */ = {isa = PBXBuildFile; fileRef = 4CBC60591E7A2D42005C26D4 /* RebutFeedViewController.swift */; };
		4CBC605C1E7A2D42005C26D4 /* RebutRecordViewController.swift in Sources */ = {isa = PBXBuildFile; fileRef = 4CBC605B1E7A2D42005C26D4 /* RebutRecordViewController.swift */; };
		4CBC605F1E7A2D42005C26D4 /* Main.storyboard in Resources */ = {isa = PBXBuildFile; fileRef = 4CBC605D1E7A2D42005C26D4 /* Main.storyboard */; };
		4CBC60611E7A2D42005C26D4 /* Assets.xcassets in Resources */ = {isa = PBXBuildFile; fileRef = 4CBC60601E7A2D42005C26D4 /* Assets.xcassets */; };
		4CBC60641E7A2D42005C26D4 /* LaunchScreen.storyboard in Resources */ = {isa = PBXBuildFile; fileRef = 4CBC60621E7A2D42005C26D4 /* LaunchScreen.storyboard */; };
		4CBC606F1E7A2D42005C26D4 /* RebutTests.swift in Sources */ = {isa = PBXBuildFile; fileRef = 4CBC606E1E7A2D42005C26D4 /* RebutTests.swift */; };
		4CBC607A1E7A2D42005C26D4 /* RebutUITests.swift in Sources */ = {isa = PBXBuildFile; fileRef = 4CBC60791E7A2D42005C26D4 /* RebutUITests.swift */; };
		4CBC60891E7A4188005C26D4 /* Rebut.swift in Sources */ = {isa = PBXBuildFile; fileRef = 4CBC60881E7A4188005C26D4 /* Rebut.swift */; };
		4CBC608B1E7A42C3005C26D4 /* Post.swift in Sources */ = {isa = PBXBuildFile; fileRef = 4CBC608A1E7A42C3005C26D4 /* Post.swift */; };
		4CBC608D1E7A43DB005C26D4 /* Response.swift in Sources */ = {isa = PBXBuildFile; fileRef = 4CBC608C1E7A43DB005C26D4 /* Response.swift */; };
		4CBC608F1E7A4D5C005C26D4 /* Comment.swift in Sources */ = {isa = PBXBuildFile; fileRef = 4CBC608E1E7A4D5C005C26D4 /* Comment.swift */; };
		4CBC60951E7A6B02005C26D4 /* Audio.swift in Sources */ = {isa = PBXBuildFile; fileRef = 4CBC60941E7A6B02005C26D4 /* Audio.swift */; };
		4CBC609A1E7B8436005C26D4 /* Recording.swift in Sources */ = {isa = PBXBuildFile; fileRef = 4CBC60991E7B8436005C26D4 /* Recording.swift */; };
		4CBC609C1E7B84A6005C26D4 /* RebutRecordView.swift in Sources */ = {isa = PBXBuildFile; fileRef = 4CBC609B1E7B84A6005C26D4 /* RebutRecordView.swift */; };
		4CBC609E1E7B8B16005C26D4 /* RecordControlsViewController.swift in Sources */ = {isa = PBXBuildFile; fileRef = 4CBC609D1E7B8B16005C26D4 /* RecordControlsViewController.swift */; };
		4CCE145C1E7E19A300CAFCA1 /* Value.swift in Sources */ = {isa = PBXBuildFile; fileRef = 4CCE145B1E7E19A300CAFCA1 /* Value.swift */; };
		4CCE14601E7E4BCA00CAFCA1 /* RecordingTableViewCell.swift in Sources */ = {isa = PBXBuildFile; fileRef = 4CCE145F1E7E4BCA00CAFCA1 /* RecordingTableViewCell.swift */; };
		4CE650381E84BE1F0026143C /* RebuttleModule.swift in Sources */ = {isa = PBXBuildFile; fileRef = 4CE650371E84BE1F0026143C /* RebuttleModule.swift */; };
		4CE650461E86E5F50026143C /* Object+Extension.swift in Sources */ = {isa = PBXBuildFile; fileRef = 4CE650451E86E5F50026143C /* Object+Extension.swift */; };
		4CE650481E88B5B40026143C /* RebuttalDetailViewController.swift in Sources */ = {isa = PBXBuildFile; fileRef = 4CE650471E88B5B40026143C /* RebuttalDetailViewController.swift */; };
		6BFDE14D8D347B022A0C26AE /* Pods_RebutUITests.framework in Frameworks */ = {isa = PBXBuildFile; fileRef = 3A22724A51D03F5E9D713D94 /* Pods_RebutUITests.framework */; };
		EEE21B8585E2591F69515613 /* Pods_RebutTests.framework in Frameworks */ = {isa = PBXBuildFile; fileRef = ECE86D62B67206F886133398 /* Pods_RebutTests.framework */; };
/* End PBXBuildFile section */

/* Begin PBXContainerItemProxy section */
		4CBC606B1E7A2D42005C26D4 /* PBXContainerItemProxy */ = {
			isa = PBXContainerItemProxy;
			containerPortal = 4CBC604C1E7A2D41005C26D4 /* Project object */;
			proxyType = 1;
			remoteGlobalIDString = 4CBC60531E7A2D41005C26D4;
			remoteInfo = Rebut;
		};
		4CBC60761E7A2D42005C26D4 /* PBXContainerItemProxy */ = {
			isa = PBXContainerItemProxy;
			containerPortal = 4CBC604C1E7A2D41005C26D4 /* Project object */;
			proxyType = 1;
			remoteGlobalIDString = 4CBC60531E7A2D41005C26D4;
			remoteInfo = Rebut;
		};
/* End PBXContainerItemProxy section */

/* Begin PBXCopyFilesBuildPhase section */
		4CE6503F1E861A430026143C /* Embed Frameworks */ = {
			isa = PBXCopyFilesBuildPhase;
			buildActionMask = 2147483647;
			dstPath = "";
			dstSubfolderSpec = 10;
			files = (
			);
			name = "Embed Frameworks";
			runOnlyForDeploymentPostprocessing = 0;
		};
/* End PBXCopyFilesBuildPhase section */

/* Begin PBXFileReference section */
		050939DF24F1E71FBC377296 /* Pods-RebutUITests.release.xcconfig */ = {isa = PBXFileReference; includeInIndex = 1; lastKnownFileType = text.xcconfig; name = "Pods-RebutUITests.release.xcconfig"; path = "Pods/Target Support Files/Pods-RebutUITests/Pods-RebutUITests.release.xcconfig"; sourceTree = "<group>"; };
		30397E5ECE238FD07510D4E9 /* Pods-RebutUITests.debug.xcconfig */ = {isa = PBXFileReference; includeInIndex = 1; lastKnownFileType = text.xcconfig; name = "Pods-RebutUITests.debug.xcconfig"; path = "Pods/Target Support Files/Pods-RebutUITests/Pods-RebutUITests.debug.xcconfig"; sourceTree = "<group>"; };
		3A22724A51D03F5E9D713D94 /* Pods_RebutUITests.framework */ = {isa = PBXFileReference; explicitFileType = wrapper.framework; includeInIndex = 0; path = Pods_RebutUITests.framework; sourceTree = BUILT_PRODUCTS_DIR; };
		4C19064F1E7B225C003DDCC5 /* Rebutter.swift */ = {isa = PBXFileReference; fileEncoding = 4; lastKnownFileType = sourcecode.swift; path = Rebutter.swift; sourceTree = "<group>"; };
		4C1906511E7B241B003DDCC5 /* User.swift */ = {isa = PBXFileReference; fileEncoding = 4; lastKnownFileType = sourcecode.swift; path = User.swift; sourceTree = "<group>"; };
		4C1906531E7B246E003DDCC5 /* Commenter.swift */ = {isa = PBXFileReference; fileEncoding = 4; lastKnownFileType = sourcecode.swift; path = Commenter.swift; sourceTree = "<group>"; };
		4C1906551E7B3E4E003DDCC5 /* Source.swift */ = {isa = PBXFileReference; fileEncoding = 4; lastKnownFileType = sourcecode.swift; path = Source.swift; sourceTree = "<group>"; };
		4C269B241E897AA0007B9DFE /* RebuttalTableViewCell.swift */ = {isa = PBXFileReference; fileEncoding = 4; lastKnownFileType = sourcecode.swift; path = RebuttalTableViewCell.swift; sourceTree = "<group>"; };
		4C4A8C291E94009000C972F5 /* CommentManager.swift */ = {isa = PBXFileReference; fileEncoding = 4; lastKnownFileType = sourcecode.swift; path = CommentManager.swift; sourceTree = "<group>"; };
		4C6054C71E8D5B800006514E /* RebutPlayer.swift */ = {isa = PBXFileReference; fileEncoding = 4; lastKnownFileType = sourcecode.swift; path = RebutPlayer.swift; sourceTree = "<group>"; };
		4C8681121E8EE79800776829 /* PlayButton.swift */ = {isa = PBXFileReference; fileEncoding = 4; lastKnownFileType = sourcecode.swift; path = PlayButton.swift; sourceTree = "<group>"; };
		4C8681141E8F003A00776829 /* CustomColors.swift */ = {isa = PBXFileReference; fileEncoding = 4; lastKnownFileType = sourcecode.swift; path = CustomColors.swift; sourceTree = "<group>"; };
		4CA31BC01E8CAF7800EF4D0E /* RebuttalWaveFormCell.swift */ = {isa = PBXFileReference; fileEncoding = 4; lastKnownFileType = sourcecode.swift; path = RebuttalWaveFormCell.swift; sourceTree = "<group>"; };
		4CA31BC21E9334CB00EF4D0E /* PostViewController.swift */ = {isa = PBXFileReference; fileEncoding = 4; lastKnownFileType = sourcecode.swift; path = PostViewController.swift; sourceTree = "<group>"; };
		4CA31BC51E94866800EF4D0E /* RebuttalCard.xib */ = {isa = PBXFileReference; fileEncoding = 4; lastKnownFileType = file.xib; path = RebuttalCard.xib; sourceTree = "<group>"; };
		4CA31BC71E94A69E00EF4D0E /* RebuttalCard.swift */ = {isa = PBXFileReference; fileEncoding = 4; lastKnownFileType = sourcecode.swift; path = RebuttalCard.swift; sourceTree = "<group>"; };
		4CA3AF411E7F516C006BE3F0 /* Rebut-Bridging-Header.h */ = {isa = PBXFileReference; lastKnownFileType = sourcecode.c.h; path = "Rebut-Bridging-Header.h"; sourceTree = "<group>"; };
		4CA3AF591E80E4F8006BE3F0 /* Rebuttal.swift */ = {isa = PBXFileReference; fileEncoding = 4; lastKnownFileType = sourcecode.swift; path = Rebuttal.swift; sourceTree = "<group>"; };
		4CA3AF5B1E82133B006BE3F0 /* RebuttleViewModel.swift */ = {isa = PBXFileReference; fileEncoding = 4; lastKnownFileType = sourcecode.swift; name = RebuttleViewModel.swift; path = Rebut/RebuttleViewModel.swift; sourceTree = "<group>"; };
		4CBC60541E7A2D41005C26D4 /* Rebut.app */ = {isa = PBXFileReference; explicitFileType = wrapper.application; includeInIndex = 0; path = Rebut.app; sourceTree = BUILT_PRODUCTS_DIR; };
		4CBC60571E7A2D42005C26D4 /* AppDelegate.swift */ = {isa = PBXFileReference; lastKnownFileType = sourcecode.swift; path = AppDelegate.swift; sourceTree = "<group>"; };
		4CBC60591E7A2D42005C26D4 /* RebutFeedViewController.swift */ = {isa = PBXFileReference; lastKnownFileType = sourcecode.swift; path = RebutFeedViewController.swift; sourceTree = "<group>"; };
		4CBC605B1E7A2D42005C26D4 /* RebutRecordViewController.swift */ = {isa = PBXFileReference; lastKnownFileType = sourcecode.swift; path = RebutRecordViewController.swift; sourceTree = "<group>"; };
		4CBC605E1E7A2D42005C26D4 /* Base */ = {isa = PBXFileReference; lastKnownFileType = file.storyboard; name = Base; path = Base.lproj/Main.storyboard; sourceTree = "<group>"; };
		4CBC60601E7A2D42005C26D4 /* Assets.xcassets */ = {isa = PBXFileReference; lastKnownFileType = folder.assetcatalog; path = Assets.xcassets; sourceTree = "<group>"; };
		4CBC60631E7A2D42005C26D4 /* Base */ = {isa = PBXFileReference; lastKnownFileType = file.storyboard; name = Base; path = Base.lproj/LaunchScreen.storyboard; sourceTree = "<group>"; };
		4CBC60651E7A2D42005C26D4 /* Info.plist */ = {isa = PBXFileReference; lastKnownFileType = text.plist.xml; path = Info.plist; sourceTree = "<group>"; };
		4CBC606A1E7A2D42005C26D4 /* RebutTests.xctest */ = {isa = PBXFileReference; explicitFileType = wrapper.cfbundle; includeInIndex = 0; path = RebutTests.xctest; sourceTree = BUILT_PRODUCTS_DIR; };
		4CBC606E1E7A2D42005C26D4 /* RebutTests.swift */ = {isa = PBXFileReference; lastKnownFileType = sourcecode.swift; path = RebutTests.swift; sourceTree = "<group>"; };
		4CBC60701E7A2D42005C26D4 /* Info.plist */ = {isa = PBXFileReference; lastKnownFileType = text.plist.xml; path = Info.plist; sourceTree = "<group>"; };
		4CBC60751E7A2D42005C26D4 /* RebutUITests.xctest */ = {isa = PBXFileReference; explicitFileType = wrapper.cfbundle; includeInIndex = 0; path = RebutUITests.xctest; sourceTree = BUILT_PRODUCTS_DIR; };
		4CBC60791E7A2D42005C26D4 /* RebutUITests.swift */ = {isa = PBXFileReference; lastKnownFileType = sourcecode.swift; path = RebutUITests.swift; sourceTree = "<group>"; };
		4CBC607B1E7A2D42005C26D4 /* Info.plist */ = {isa = PBXFileReference; lastKnownFileType = text.plist.xml; path = Info.plist; sourceTree = "<group>"; };
		4CBC60881E7A4188005C26D4 /* Rebut.swift */ = {isa = PBXFileReference; fileEncoding = 4; lastKnownFileType = sourcecode.swift; path = Rebut.swift; sourceTree = "<group>"; };
		4CBC608A1E7A42C3005C26D4 /* Post.swift */ = {isa = PBXFileReference; fileEncoding = 4; lastKnownFileType = sourcecode.swift; path = Post.swift; sourceTree = "<group>"; };
		4CBC608C1E7A43DB005C26D4 /* Response.swift */ = {isa = PBXFileReference; fileEncoding = 4; lastKnownFileType = sourcecode.swift; path = Response.swift; sourceTree = "<group>"; };
		4CBC608E1E7A4D5C005C26D4 /* Comment.swift */ = {isa = PBXFileReference; fileEncoding = 4; lastKnownFileType = sourcecode.swift; path = Comment.swift; sourceTree = "<group>"; };
		4CBC60941E7A6B02005C26D4 /* Audio.swift */ = {isa = PBXFileReference; fileEncoding = 4; lastKnownFileType = sourcecode.swift; path = Audio.swift; sourceTree = "<group>"; };
		4CBC60991E7B8436005C26D4 /* Recording.swift */ = {isa = PBXFileReference; fileEncoding = 4; lastKnownFileType = sourcecode.swift; path = Recording.swift; sourceTree = "<group>"; };
		4CBC609B1E7B84A6005C26D4 /* RebutRecordView.swift */ = {isa = PBXFileReference; fileEncoding = 4; lastKnownFileType = sourcecode.swift; path = RebutRecordView.swift; sourceTree = "<group>"; };
		4CBC609D1E7B8B16005C26D4 /* RecordControlsViewController.swift */ = {isa = PBXFileReference; fileEncoding = 4; lastKnownFileType = sourcecode.swift; path = RecordControlsViewController.swift; sourceTree = "<group>"; };
		4CCE145B1E7E19A300CAFCA1 /* Value.swift */ = {isa = PBXFileReference; fileEncoding = 4; lastKnownFileType = sourcecode.swift; path = Value.swift; sourceTree = "<group>"; };
		4CCE145F1E7E4BCA00CAFCA1 /* RecordingTableViewCell.swift */ = {isa = PBXFileReference; fileEncoding = 4; lastKnownFileType = sourcecode.swift; path = RecordingTableViewCell.swift; sourceTree = "<group>"; };
		4CE650371E84BE1F0026143C /* RebuttleModule.swift */ = {isa = PBXFileReference; fileEncoding = 4; lastKnownFileType = sourcecode.swift; name = RebuttleModule.swift; path = Rebut/RebuttleModule.swift; sourceTree = "<group>"; };
		4CE650451E86E5F50026143C /* Object+Extension.swift */ = {isa = PBXFileReference; fileEncoding = 4; lastKnownFileType = sourcecode.swift; path = "Object+Extension.swift"; sourceTree = "<group>"; };
		4CE650471E88B5B40026143C /* RebuttalDetailViewController.swift */ = {isa = PBXFileReference; fileEncoding = 4; lastKnownFileType = sourcecode.swift; path = RebuttalDetailViewController.swift; sourceTree = "<group>"; };
		4DF486554AA1466250700346 /* Pods-RebutTests.debug.xcconfig */ = {isa = PBXFileReference; includeInIndex = 1; lastKnownFileType = text.xcconfig; name = "Pods-RebutTests.debug.xcconfig"; path = "Pods/Target Support Files/Pods-RebutTests/Pods-RebutTests.debug.xcconfig"; sourceTree = "<group>"; };
		943F65BDAFADFC29B7F5B778 /* Pods-Rebut.release.xcconfig */ = {isa = PBXFileReference; includeInIndex = 1; lastKnownFileType = text.xcconfig; name = "Pods-Rebut.release.xcconfig"; path = "Pods/Target Support Files/Pods-Rebut/Pods-Rebut.release.xcconfig"; sourceTree = "<group>"; };
		9DF0B5B857BD5A7222FE3C65 /* Pods-Rebut.debug.xcconfig */ = {isa = PBXFileReference; includeInIndex = 1; lastKnownFileType = text.xcconfig; name = "Pods-Rebut.debug.xcconfig"; path = "Pods/Target Support Files/Pods-Rebut/Pods-Rebut.debug.xcconfig"; sourceTree = "<group>"; };
		A403E6898CD7C7C5C9739CA6 /* Pods-RebutTests.release.xcconfig */ = {isa = PBXFileReference; includeInIndex = 1; lastKnownFileType = text.xcconfig; name = "Pods-RebutTests.release.xcconfig"; path = "Pods/Target Support Files/Pods-RebutTests/Pods-RebutTests.release.xcconfig"; sourceTree = "<group>"; };
		ECE86D62B67206F886133398 /* Pods_RebutTests.framework */ = {isa = PBXFileReference; explicitFileType = wrapper.framework; includeInIndex = 0; path = Pods_RebutTests.framework; sourceTree = BUILT_PRODUCTS_DIR; };
		FF96A1763B022BBDD7ECD215 /* Pods_Rebut.framework */ = {isa = PBXFileReference; explicitFileType = wrapper.framework; includeInIndex = 0; path = Pods_Rebut.framework; sourceTree = BUILT_PRODUCTS_DIR; };
/* End PBXFileReference section */

/* Begin PBXFrameworksBuildPhase section */
		4CBC60511E7A2D41005C26D4 /* Frameworks */ = {
			isa = PBXFrameworksBuildPhase;
			buildActionMask = 2147483647;
			files = (
				081E8EFDBD11F26059EEB04B /* Pods_Rebut.framework in Frameworks */,
			);
			runOnlyForDeploymentPostprocessing = 0;
		};
		4CBC60671E7A2D42005C26D4 /* Frameworks */ = {
			isa = PBXFrameworksBuildPhase;
			buildActionMask = 2147483647;
			files = (
				EEE21B8585E2591F69515613 /* Pods_RebutTests.framework in Frameworks */,
			);
			runOnlyForDeploymentPostprocessing = 0;
		};
		4CBC60721E7A2D42005C26D4 /* Frameworks */ = {
			isa = PBXFrameworksBuildPhase;
			buildActionMask = 2147483647;
			files = (
				6BFDE14D8D347B022A0C26AE /* Pods_RebutUITests.framework in Frameworks */,
			);
			runOnlyForDeploymentPostprocessing = 0;
		};
/* End PBXFrameworksBuildPhase section */

/* Begin PBXGroup section */
		3F1822A1A1C6442B808AB39E /* Pods */ = {
			isa = PBXGroup;
			children = (
				9DF0B5B857BD5A7222FE3C65 /* Pods-Rebut.debug.xcconfig */,
				943F65BDAFADFC29B7F5B778 /* Pods-Rebut.release.xcconfig */,
				4DF486554AA1466250700346 /* Pods-RebutTests.debug.xcconfig */,
				A403E6898CD7C7C5C9739CA6 /* Pods-RebutTests.release.xcconfig */,
				30397E5ECE238FD07510D4E9 /* Pods-RebutUITests.debug.xcconfig */,
				050939DF24F1E71FBC377296 /* Pods-RebutUITests.release.xcconfig */,
			);
			name = Pods;
			sourceTree = "<group>";
		};
		4C8681111E8EE78300776829 /* Utilities */ = {
			isa = PBXGroup;
			children = (
				4C8681121E8EE79800776829 /* PlayButton.swift */,
				4C8681141E8F003A00776829 /* CustomColors.swift */,
			);
			name = Utilities;
			sourceTree = "<group>";
		};
		4CA31BC41E9484AD00EF4D0E /* XiBs */ = {
			isa = PBXGroup;
			children = (
				4CA31BC51E94866800EF4D0E /* RebuttalCard.xib */,
				4CA31BC71E94A69E00EF4D0E /* RebuttalCard.swift */,
			);
			name = XiBs;
			sourceTree = "<group>";
		};
		4CA3AF401E7F0D2B006BE3F0 /* Controllers */ = {
			isa = PBXGroup;
			children = (
				4CBC605B1E7A2D42005C26D4 /* RebutRecordViewController.swift */,
				4CBC609D1E7B8B16005C26D4 /* RecordControlsViewController.swift */,
				4CA31BC21E9334CB00EF4D0E /* PostViewController.swift */,
			);
			name = Controllers;
			sourceTree = "<group>";
		};
		4CA3AF561E80E4AA006BE3F0 /* Models */ = {
			isa = PBXGroup;
			children = (
				4CA3AF591E80E4F8006BE3F0 /* Rebuttal.swift */,
			);
			name = Models;
			sourceTree = "<group>";
		};
		4CA3AF571E80E4B9006BE3F0 /* Views */ = {
			isa = PBXGroup;
			children = (
				4CA31BC41E9484AD00EF4D0E /* XiBs */,
				4C269B241E897AA0007B9DFE /* RebuttalTableViewCell.swift */,
				4CA31BC01E8CAF7800EF4D0E /* RebuttalWaveFormCell.swift */,
			);
			name = Views;
			sourceTree = "<group>";
		};
		4CA3AF581E80E4C2006BE3F0 /* Controllers */ = {
			isa = PBXGroup;
			children = (
				4CBC60591E7A2D42005C26D4 /* RebutFeedViewController.swift */,
				4CE650471E88B5B40026143C /* RebuttalDetailViewController.swift */,
			);
			name = Controllers;
			sourceTree = "<group>";
		};
		4CBC604B1E7A2D41005C26D4 = {
			isa = PBXGroup;
			children = (
				4CBC60561E7A2D41005C26D4 /* Rebut */,
				4CBC606D1E7A2D42005C26D4 /* RebutTests */,
				4CBC60781E7A2D42005C26D4 /* RebutUITests */,
				4CBC60551E7A2D41005C26D4 /* Products */,
				3F1822A1A1C6442B808AB39E /* Pods */,
				8A55D0F40FC5409B7738B28A /* Frameworks */,
			);
			sourceTree = "<group>";
		};
		4CBC60551E7A2D41005C26D4 /* Products */ = {
			isa = PBXGroup;
			children = (
				4CBC60541E7A2D41005C26D4 /* Rebut.app */,
				4CBC606A1E7A2D42005C26D4 /* RebutTests.xctest */,
				4CBC60751E7A2D42005C26D4 /* RebutUITests.xctest */,
			);
			name = Products;
			sourceTree = "<group>";
		};
		4CBC60561E7A2D41005C26D4 /* Rebut */ = {
			isa = PBXGroup;
			children = (
				4C8681111E8EE78300776829 /* Utilities */,
				4CA3AF411E7F516C006BE3F0 /* Rebut-Bridging-Header.h */,
				4CE650401E861BEE0026143C /* Helpers */,
				4CBC60981E7B687A005C26D4 /* Record */,
				4CBC60971E7B6823005C26D4 /* Feed */,
				4CBC60961E7B6801005C26D4 /* Account */,
				4CBC60571E7A2D42005C26D4 /* AppDelegate.swift */,
				4CBC60871E7A40C0005C26D4 /* Extensions */,
				4CBC605D1E7A2D42005C26D4 /* Main.storyboard */,
				4CBC60601E7A2D42005C26D4 /* Assets.xcassets */,
				4CBC60621E7A2D42005C26D4 /* LaunchScreen.storyboard */,
				4CBC60651E7A2D42005C26D4 /* Info.plist */,
			);
			path = Rebut;
			sourceTree = "<group>";
		};
		4CBC606D1E7A2D42005C26D4 /* RebutTests */ = {
			isa = PBXGroup;
			children = (
				4CBC606E1E7A2D42005C26D4 /* RebutTests.swift */,
				4CBC60701E7A2D42005C26D4 /* Info.plist */,
			);
			path = RebutTests;
			sourceTree = "<group>";
		};
		4CBC60781E7A2D42005C26D4 /* RebutUITests */ = {
			isa = PBXGroup;
			children = (
				4CBC60791E7A2D42005C26D4 /* RebutUITests.swift */,
				4CBC607B1E7A2D42005C26D4 /* Info.plist */,
			);
			path = RebutUITests;
			sourceTree = "<group>";
		};
		4CBC60871E7A40C0005C26D4 /* Extensions */ = {
			isa = PBXGroup;
			children = (
				4CE650451E86E5F50026143C /* Object+Extension.swift */,
			);
			name = Extensions;
			sourceTree = "<group>";
		};
		4CBC60961E7B6801005C26D4 /* Account */ = {
			isa = PBXGroup;
			children = (
				4C1906511E7B241B003DDCC5 /* User.swift */,
				4C19064F1E7B225C003DDCC5 /* Rebutter.swift */,
				4C1906531E7B246E003DDCC5 /* Commenter.swift */,
				4CCE145B1E7E19A300CAFCA1 /* Value.swift */,
			);
			name = Account;
			sourceTree = "<group>";
		};
		4CBC60971E7B6823005C26D4 /* Feed */ = {
			isa = PBXGroup;
			children = (
				4CA3AF561E80E4AA006BE3F0 /* Models */,
				4CA3AF571E80E4B9006BE3F0 /* Views */,
				4CA3AF581E80E4C2006BE3F0 /* Controllers */,
			);
			name = Feed;
			sourceTree = "<group>";
		};
		4CBC60981E7B687A005C26D4 /* Record */ = {
			isa = PBXGroup;
			children = (
				4CCE145E1E7E4BA300CAFCA1 /* Models */,
				4CCE145D1E7E4B9100CAFCA1 /* Views */,
				4CA3AF401E7F0D2B006BE3F0 /* Controllers */,
				4CBC60941E7A6B02005C26D4 /* Audio.swift */,
			);
			name = Record;
			sourceTree = "<group>";
		};
		4CCE145D1E7E4B9100CAFCA1 /* Views */ = {
			isa = PBXGroup;
			children = (
				4CCE145F1E7E4BCA00CAFCA1 /* RecordingTableViewCell.swift */,
				4CBC609B1E7B84A6005C26D4 /* RebutRecordView.swift */,
			);
			name = Views;
			sourceTree = "<group>";
		};
		4CCE145E1E7E4BA300CAFCA1 /* Models */ = {
			isa = PBXGroup;
			children = (
				4C1906551E7B3E4E003DDCC5 /* Source.swift */,
				4CBC60881E7A4188005C26D4 /* Rebut.swift */,
				4CBC608A1E7A42C3005C26D4 /* Post.swift */,
				4CBC608C1E7A43DB005C26D4 /* Response.swift */,
				4CBC608E1E7A4D5C005C26D4 /* Comment.swift */,
				4CBC60991E7B8436005C26D4 /* Recording.swift */,
			);
			name = Models;
			sourceTree = "<group>";
		};
		4CE650401E861BEE0026143C /* Helpers */ = {
			isa = PBXGroup;
			children = (
				4CE650371E84BE1F0026143C /* RebuttleModule.swift */,
				4CA3AF5B1E82133B006BE3F0 /* RebuttleViewModel.swift */,
				4C6054C71E8D5B800006514E /* RebutPlayer.swift */,
				4C4A8C291E94009000C972F5 /* CommentManager.swift */,
			);
			name = Helpers;
			path = ..;
			sourceTree = "<group>";
		};
		8A55D0F40FC5409B7738B28A /* Frameworks */ = {
			isa = PBXGroup;
			children = (
				FF96A1763B022BBDD7ECD215 /* Pods_Rebut.framework */,
				ECE86D62B67206F886133398 /* Pods_RebutTests.framework */,
				3A22724A51D03F5E9D713D94 /* Pods_RebutUITests.framework */,
			);
			name = Frameworks;
			sourceTree = "<group>";
		};
/* End PBXGroup section */

/* Begin PBXNativeTarget section */
		4CBC60531E7A2D41005C26D4 /* Rebut */ = {
			isa = PBXNativeTarget;
			buildConfigurationList = 4CBC607E1E7A2D42005C26D4 /* Build configuration list for PBXNativeTarget "Rebut" */;
			buildPhases = (
				A53D302D1FE350E528FB885F /* [CP] Check Pods Manifest.lock */,
				4CBC60501E7A2D41005C26D4 /* Sources */,
				4CBC60511E7A2D41005C26D4 /* Frameworks */,
				4CBC60521E7A2D41005C26D4 /* Resources */,
				964D63C0DFD08EB09390A501 /* [CP] Embed Pods Frameworks */,
				0C6C35EEC44BFE57AA70D13F /* [CP] Copy Pods Resources */,
				4CE6503F1E861A430026143C /* Embed Frameworks */,
			);
			buildRules = (
			);
			dependencies = (
			);
			name = Rebut;
			productName = Rebut;
			productReference = 4CBC60541E7A2D41005C26D4 /* Rebut.app */;
			productType = "com.apple.product-type.application";
		};
		4CBC60691E7A2D42005C26D4 /* RebutTests */ = {
			isa = PBXNativeTarget;
			buildConfigurationList = 4CBC60811E7A2D42005C26D4 /* Build configuration list for PBXNativeTarget "RebutTests" */;
			buildPhases = (
				F61B5A283FC4CDB770C7D8DC /* [CP] Check Pods Manifest.lock */,
				4CBC60661E7A2D42005C26D4 /* Sources */,
				4CBC60671E7A2D42005C26D4 /* Frameworks */,
				4CBC60681E7A2D42005C26D4 /* Resources */,
				1EED115511EECDBEC54C6EEE /* [CP] Embed Pods Frameworks */,
				3D4E424060C35FDFA282139B /* [CP] Copy Pods Resources */,
			);
			buildRules = (
			);
			dependencies = (
				4CBC606C1E7A2D42005C26D4 /* PBXTargetDependency */,
			);
			name = RebutTests;
			productName = RebutTests;
			productReference = 4CBC606A1E7A2D42005C26D4 /* RebutTests.xctest */;
			productType = "com.apple.product-type.bundle.unit-test";
		};
		4CBC60741E7A2D42005C26D4 /* RebutUITests */ = {
			isa = PBXNativeTarget;
			buildConfigurationList = 4CBC60841E7A2D42005C26D4 /* Build configuration list for PBXNativeTarget "RebutUITests" */;
			buildPhases = (
				D108E83A7B56680418337F02 /* [CP] Check Pods Manifest.lock */,
				4CBC60711E7A2D42005C26D4 /* Sources */,
				4CBC60721E7A2D42005C26D4 /* Frameworks */,
				4CBC60731E7A2D42005C26D4 /* Resources */,
				D4A734D69AC07E1AA15B3A57 /* [CP] Embed Pods Frameworks */,
				3B8C3AA4504CC3261429B581 /* [CP] Copy Pods Resources */,
			);
			buildRules = (
			);
			dependencies = (
				4CBC60771E7A2D42005C26D4 /* PBXTargetDependency */,
			);
			name = RebutUITests;
			productName = RebutUITests;
			productReference = 4CBC60751E7A2D42005C26D4 /* RebutUITests.xctest */;
			productType = "com.apple.product-type.bundle.ui-testing";
		};
/* End PBXNativeTarget section */

/* Begin PBXProject section */
		4CBC604C1E7A2D41005C26D4 /* Project object */ = {
			isa = PBXProject;
			attributes = {
				LastSwiftUpdateCheck = 0820;
				LastUpgradeCheck = 0820;
				ORGANIZATIONNAME = "Rebuttle Inc";
				TargetAttributes = {
					4CBC60531E7A2D41005C26D4 = {
						CreatedOnToolsVersion = 8.2.1;
						DevelopmentTeam = XYNM954255;
						LastSwiftMigration = 0820;
						ProvisioningStyle = Automatic;
					};
					4CBC60691E7A2D42005C26D4 = {
						CreatedOnToolsVersion = 8.2.1;
						DevelopmentTeam = XYNM954255;
						ProvisioningStyle = Automatic;
						TestTargetID = 4CBC60531E7A2D41005C26D4;
					};
					4CBC60741E7A2D42005C26D4 = {
						CreatedOnToolsVersion = 8.2.1;
						DevelopmentTeam = XYNM954255;
						ProvisioningStyle = Automatic;
						TestTargetID = 4CBC60531E7A2D41005C26D4;
					};
				};
			};
			buildConfigurationList = 4CBC604F1E7A2D41005C26D4 /* Build configuration list for PBXProject "Rebut" */;
			compatibilityVersion = "Xcode 3.2";
			developmentRegion = English;
			hasScannedForEncodings = 0;
			knownRegions = (
				en,
				Base,
			);
			mainGroup = 4CBC604B1E7A2D41005C26D4;
			productRefGroup = 4CBC60551E7A2D41005C26D4 /* Products */;
			projectDirPath = "";
			projectRoot = "";
			targets = (
				4CBC60531E7A2D41005C26D4 /* Rebut */,
				4CBC60691E7A2D42005C26D4 /* RebutTests */,
				4CBC60741E7A2D42005C26D4 /* RebutUITests */,
			);
		};
/* End PBXProject section */

/* Begin PBXResourcesBuildPhase section */
		4CBC60521E7A2D41005C26D4 /* Resources */ = {
			isa = PBXResourcesBuildPhase;
			buildActionMask = 2147483647;
			files = (
				4CBC60641E7A2D42005C26D4 /* LaunchScreen.storyboard in Resources */,
				4CBC60611E7A2D42005C26D4 /* Assets.xcassets in Resources */,
				4CA31BC61E94866800EF4D0E /* RebuttalCard.xib in Resources */,
				4CBC605F1E7A2D42005C26D4 /* Main.storyboard in Resources */,
			);
			runOnlyForDeploymentPostprocessing = 0;
		};
		4CBC60681E7A2D42005C26D4 /* Resources */ = {
			isa = PBXResourcesBuildPhase;
			buildActionMask = 2147483647;
			files = (
			);
			runOnlyForDeploymentPostprocessing = 0;
		};
		4CBC60731E7A2D42005C26D4 /* Resources */ = {
			isa = PBXResourcesBuildPhase;
			buildActionMask = 2147483647;
			files = (
			);
			runOnlyForDeploymentPostprocessing = 0;
		};
/* End PBXResourcesBuildPhase section */

/* Begin PBXShellScriptBuildPhase section */
		0C6C35EEC44BFE57AA70D13F /* [CP] Copy Pods Resources */ = {
			isa = PBXShellScriptBuildPhase;
			buildActionMask = 2147483647;
			files = (
			);
			inputPaths = (
			);
			name = "[CP] Copy Pods Resources";
			outputPaths = (
			);
			runOnlyForDeploymentPostprocessing = 0;
			shellPath = /bin/sh;
			shellScript = "\"${SRCROOT}/Pods/Target Support Files/Pods-Rebut/Pods-Rebut-resources.sh\"\n";
			showEnvVarsInLog = 0;
		};
		1EED115511EECDBEC54C6EEE /* [CP] Embed Pods Frameworks */ = {
			isa = PBXShellScriptBuildPhase;
			buildActionMask = 2147483647;
			files = (
			);
			inputPaths = (
			);
			name = "[CP] Embed Pods Frameworks";
			outputPaths = (
			);
			runOnlyForDeploymentPostprocessing = 0;
			shellPath = /bin/sh;
			shellScript = "\"${SRCROOT}/Pods/Target Support Files/Pods-RebutTests/Pods-RebutTests-frameworks.sh\"\n";
			showEnvVarsInLog = 0;
		};
		3B8C3AA4504CC3261429B581 /* [CP] Copy Pods Resources */ = {
			isa = PBXShellScriptBuildPhase;
			buildActionMask = 2147483647;
			files = (
			);
			inputPaths = (
			);
			name = "[CP] Copy Pods Resources";
			outputPaths = (
			);
			runOnlyForDeploymentPostprocessing = 0;
			shellPath = /bin/sh;
			shellScript = "\"${SRCROOT}/Pods/Target Support Files/Pods-RebutUITests/Pods-RebutUITests-resources.sh\"\n";
			showEnvVarsInLog = 0;
		};
		3D4E424060C35FDFA282139B /* [CP] Copy Pods Resources */ = {
			isa = PBXShellScriptBuildPhase;
			buildActionMask = 2147483647;
			files = (
			);
			inputPaths = (
			);
			name = "[CP] Copy Pods Resources";
			outputPaths = (
			);
			runOnlyForDeploymentPostprocessing = 0;
			shellPath = /bin/sh;
			shellScript = "\"${SRCROOT}/Pods/Target Support Files/Pods-RebutTests/Pods-RebutTests-resources.sh\"\n";
			showEnvVarsInLog = 0;
		};
		964D63C0DFD08EB09390A501 /* [CP] Embed Pods Frameworks */ = {
			isa = PBXShellScriptBuildPhase;
			buildActionMask = 2147483647;
			files = (
			);
			inputPaths = (
			);
			name = "[CP] Embed Pods Frameworks";
			outputPaths = (
			);
			runOnlyForDeploymentPostprocessing = 0;
			shellPath = /bin/sh;
			shellScript = "\"${SRCROOT}/Pods/Target Support Files/Pods-Rebut/Pods-Rebut-frameworks.sh\"\n";
			showEnvVarsInLog = 0;
		};
		A53D302D1FE350E528FB885F /* [CP] Check Pods Manifest.lock */ = {
			isa = PBXShellScriptBuildPhase;
			buildActionMask = 2147483647;
			files = (
			);
			inputPaths = (
			);
			name = "[CP] Check Pods Manifest.lock";
			outputPaths = (
			);
			runOnlyForDeploymentPostprocessing = 0;
			shellPath = /bin/sh;
			shellScript = "diff \"${PODS_ROOT}/../Podfile.lock\" \"${PODS_ROOT}/Manifest.lock\" > /dev/null\nif [ $? != 0 ] ; then\n    # print error to STDERR\n    echo \"error: The sandbox is not in sync with the Podfile.lock. Run 'pod install' or update your CocoaPods installation.\" >&2\n    exit 1\nfi\n";
			showEnvVarsInLog = 0;
		};
		D108E83A7B56680418337F02 /* [CP] Check Pods Manifest.lock */ = {
			isa = PBXShellScriptBuildPhase;
			buildActionMask = 2147483647;
			files = (
			);
			inputPaths = (
			);
			name = "[CP] Check Pods Manifest.lock";
			outputPaths = (
			);
			runOnlyForDeploymentPostprocessing = 0;
			shellPath = /bin/sh;
			shellScript = "diff \"${PODS_ROOT}/../Podfile.lock\" \"${PODS_ROOT}/Manifest.lock\" > /dev/null\nif [ $? != 0 ] ; then\n    # print error to STDERR\n    echo \"error: The sandbox is not in sync with the Podfile.lock. Run 'pod install' or update your CocoaPods installation.\" >&2\n    exit 1\nfi\n";
			showEnvVarsInLog = 0;
		};
		D4A734D69AC07E1AA15B3A57 /* [CP] Embed Pods Frameworks */ = {
			isa = PBXShellScriptBuildPhase;
			buildActionMask = 2147483647;
			files = (
			);
			inputPaths = (
			);
			name = "[CP] Embed Pods Frameworks";
			outputPaths = (
			);
			runOnlyForDeploymentPostprocessing = 0;
			shellPath = /bin/sh;
			shellScript = "\"${SRCROOT}/Pods/Target Support Files/Pods-RebutUITests/Pods-RebutUITests-frameworks.sh\"\n";
			showEnvVarsInLog = 0;
		};
		F61B5A283FC4CDB770C7D8DC /* [CP] Check Pods Manifest.lock */ = {
			isa = PBXShellScriptBuildPhase;
			buildActionMask = 2147483647;
			files = (
			);
			inputPaths = (
			);
			name = "[CP] Check Pods Manifest.lock";
			outputPaths = (
			);
			runOnlyForDeploymentPostprocessing = 0;
			shellPath = /bin/sh;
			shellScript = "diff \"${PODS_ROOT}/../Podfile.lock\" \"${PODS_ROOT}/Manifest.lock\" > /dev/null\nif [ $? != 0 ] ; then\n    # print error to STDERR\n    echo \"error: The sandbox is not in sync with the Podfile.lock. Run 'pod install' or update your CocoaPods installation.\" >&2\n    exit 1\nfi\n";
			showEnvVarsInLog = 0;
		};
/* End PBXShellScriptBuildPhase section */

/* Begin PBXSourcesBuildPhase section */
		4CBC60501E7A2D41005C26D4 /* Sources */ = {
			isa = PBXSourcesBuildPhase;
			buildActionMask = 2147483647;
			files = (
				4CBC609E1E7B8B16005C26D4 /* RecordControlsViewController.swift in Sources */,
				4CBC60891E7A4188005C26D4 /* Rebut.swift in Sources */,
				4CE650481E88B5B40026143C /* RebuttalDetailViewController.swift in Sources */,
				4C1906541E7B246E003DDCC5 /* Commenter.swift in Sources */,
				4CBC605C1E7A2D42005C26D4 /* RebutRecordViewController.swift in Sources */,
				4CCE145C1E7E19A300CAFCA1 /* Value.swift in Sources */,
				4CA3AF5C1E82133B006BE3F0 /* RebuttleViewModel.swift in Sources */,
				4C6054C81E8D5B800006514E /* RebutPlayer.swift in Sources */,
				4CA31BC11E8CAF7800EF4D0E /* RebuttalWaveFormCell.swift in Sources */,
				4CE650461E86E5F50026143C /* Object+Extension.swift in Sources */,
				4CBC609A1E7B8436005C26D4 /* Recording.swift in Sources */,
				4CBC60581E7A2D42005C26D4 /* AppDelegate.swift in Sources */,
				4C1906501E7B225C003DDCC5 /* Rebutter.swift in Sources */,
				4CBC60951E7A6B02005C26D4 /* Audio.swift in Sources */,
				4CBC608F1E7A4D5C005C26D4 /* Comment.swift in Sources */,
				4CBC605A1E7A2D42005C26D4 /* RebutFeedViewController.swift in Sources */,
				4CA31BC31E9334CB00EF4D0E /* PostViewController.swift in Sources */,
				4CE650381E84BE1F0026143C /* RebuttleModule.swift in Sources */,
				4C1906521E7B241B003DDCC5 /* User.swift in Sources */,
				4C4A8C2A1E94009000C972F5 /* CommentManager.swift in Sources */,
				4CA3AF5A1E80E4F8006BE3F0 /* Rebuttal.swift in Sources */,
				4C8681131E8EE79800776829 /* PlayButton.swift in Sources */,
				4C1906561E7B3E4E003DDCC5 /* Source.swift in Sources */,
				4C269B251E897AA0007B9DFE /* RebuttalTableViewCell.swift in Sources */,
				4CA31BC81E94A69E00EF4D0E /* RebuttalCard.swift in Sources */,
				4CBC609C1E7B84A6005C26D4 /* RebutRecordView.swift in Sources */,
				4CBC608D1E7A43DB005C26D4 /* Response.swift in Sources */,
				4CCE14601E7E4BCA00CAFCA1 /* RecordingTableViewCell.swift in Sources */,
				4C8681151E8F003A00776829 /* CustomColors.swift in Sources */,
				4CBC608B1E7A42C3005C26D4 /* Post.swift in Sources */,
			);
			runOnlyForDeploymentPostprocessing = 0;
		};
		4CBC60661E7A2D42005C26D4 /* Sources */ = {
			isa = PBXSourcesBuildPhase;
			buildActionMask = 2147483647;
			files = (
				4CBC606F1E7A2D42005C26D4 /* RebutTests.swift in Sources */,
			);
			runOnlyForDeploymentPostprocessing = 0;
		};
		4CBC60711E7A2D42005C26D4 /* Sources */ = {
			isa = PBXSourcesBuildPhase;
			buildActionMask = 2147483647;
			files = (
				4CBC607A1E7A2D42005C26D4 /* RebutUITests.swift in Sources */,
			);
			runOnlyForDeploymentPostprocessing = 0;
		};
/* End PBXSourcesBuildPhase section */

/* Begin PBXTargetDependency section */
		4CBC606C1E7A2D42005C26D4 /* PBXTargetDependency */ = {
			isa = PBXTargetDependency;
			target = 4CBC60531E7A2D41005C26D4 /* Rebut */;
			targetProxy = 4CBC606B1E7A2D42005C26D4 /* PBXContainerItemProxy */;
		};
		4CBC60771E7A2D42005C26D4 /* PBXTargetDependency */ = {
			isa = PBXTargetDependency;
			target = 4CBC60531E7A2D41005C26D4 /* Rebut */;
			targetProxy = 4CBC60761E7A2D42005C26D4 /* PBXContainerItemProxy */;
		};
/* End PBXTargetDependency section */

/* Begin PBXVariantGroup section */
		4CBC605D1E7A2D42005C26D4 /* Main.storyboard */ = {
			isa = PBXVariantGroup;
			children = (
				4CBC605E1E7A2D42005C26D4 /* Base */,
			);
			name = Main.storyboard;
			sourceTree = "<group>";
		};
		4CBC60621E7A2D42005C26D4 /* LaunchScreen.storyboard */ = {
			isa = PBXVariantGroup;
			children = (
				4CBC60631E7A2D42005C26D4 /* Base */,
			);
			name = LaunchScreen.storyboard;
			sourceTree = "<group>";
		};
/* End PBXVariantGroup section */

/* Begin XCBuildConfiguration section */
		4CBC607C1E7A2D42005C26D4 /* Debug */ = {
			isa = XCBuildConfiguration;
			buildSettings = {
				ALWAYS_SEARCH_USER_PATHS = NO;
				CLANG_ANALYZER_NONNULL = YES;
				CLANG_CXX_LANGUAGE_STANDARD = "gnu++0x";
				CLANG_CXX_LIBRARY = "libc++";
				CLANG_ENABLE_MODULES = YES;
				CLANG_ENABLE_OBJC_ARC = YES;
				CLANG_WARN_BOOL_CONVERSION = YES;
				CLANG_WARN_CONSTANT_CONVERSION = YES;
				CLANG_WARN_DIRECT_OBJC_ISA_USAGE = YES_ERROR;
				CLANG_WARN_DOCUMENTATION_COMMENTS = YES;
				CLANG_WARN_EMPTY_BODY = YES;
				CLANG_WARN_ENUM_CONVERSION = YES;
				CLANG_WARN_INFINITE_RECURSION = YES;
				CLANG_WARN_INT_CONVERSION = YES;
				CLANG_WARN_OBJC_ROOT_CLASS = YES_ERROR;
				CLANG_WARN_SUSPICIOUS_MOVE = YES;
				CLANG_WARN_UNREACHABLE_CODE = YES;
				CLANG_WARN__DUPLICATE_METHOD_MATCH = YES;
				"CODE_SIGN_IDENTITY[sdk=iphoneos*]" = "iPhone Developer";
				COPY_PHASE_STRIP = NO;
				DEBUG_INFORMATION_FORMAT = dwarf;
				ENABLE_STRICT_OBJC_MSGSEND = YES;
				ENABLE_TESTABILITY = YES;
				GCC_C_LANGUAGE_STANDARD = gnu99;
				GCC_DYNAMIC_NO_PIC = NO;
				GCC_NO_COMMON_BLOCKS = YES;
				GCC_OPTIMIZATION_LEVEL = 0;
				GCC_PREPROCESSOR_DEFINITIONS = (
					"DEBUG=1",
					"$(inherited)",
				);
				GCC_WARN_64_TO_32_BIT_CONVERSION = YES;
				GCC_WARN_ABOUT_RETURN_TYPE = YES_ERROR;
				GCC_WARN_UNDECLARED_SELECTOR = YES;
				GCC_WARN_UNINITIALIZED_AUTOS = YES_AGGRESSIVE;
				GCC_WARN_UNUSED_FUNCTION = YES;
				GCC_WARN_UNUSED_VARIABLE = YES;
				IPHONEOS_DEPLOYMENT_TARGET = 10.2;
				MTL_ENABLE_DEBUG_INFO = YES;
				ONLY_ACTIVE_ARCH = YES;
				SDKROOT = iphoneos;
				SWIFT_ACTIVE_COMPILATION_CONDITIONS = DEBUG;
				SWIFT_OPTIMIZATION_LEVEL = "-Onone";
			};
			name = Debug;
		};
		4CBC607D1E7A2D42005C26D4 /* Release */ = {
			isa = XCBuildConfiguration;
			buildSettings = {
				ALWAYS_SEARCH_USER_PATHS = NO;
				CLANG_ANALYZER_NONNULL = YES;
				CLANG_CXX_LANGUAGE_STANDARD = "gnu++0x";
				CLANG_CXX_LIBRARY = "libc++";
				CLANG_ENABLE_MODULES = YES;
				CLANG_ENABLE_OBJC_ARC = YES;
				CLANG_WARN_BOOL_CONVERSION = YES;
				CLANG_WARN_CONSTANT_CONVERSION = YES;
				CLANG_WARN_DIRECT_OBJC_ISA_USAGE = YES_ERROR;
				CLANG_WARN_DOCUMENTATION_COMMENTS = YES;
				CLANG_WARN_EMPTY_BODY = YES;
				CLANG_WARN_ENUM_CONVERSION = YES;
				CLANG_WARN_INFINITE_RECURSION = YES;
				CLANG_WARN_INT_CONVERSION = YES;
				CLANG_WARN_OBJC_ROOT_CLASS = YES_ERROR;
				CLANG_WARN_SUSPICIOUS_MOVE = YES;
				CLANG_WARN_UNREACHABLE_CODE = YES;
				CLANG_WARN__DUPLICATE_METHOD_MATCH = YES;
				"CODE_SIGN_IDENTITY[sdk=iphoneos*]" = "iPhone Developer";
				COPY_PHASE_STRIP = NO;
				DEBUG_INFORMATION_FORMAT = "dwarf-with-dsym";
				ENABLE_NS_ASSERTIONS = NO;
				ENABLE_STRICT_OBJC_MSGSEND = YES;
				GCC_C_LANGUAGE_STANDARD = gnu99;
				GCC_NO_COMMON_BLOCKS = YES;
				GCC_WARN_64_TO_32_BIT_CONVERSION = YES;
				GCC_WARN_ABOUT_RETURN_TYPE = YES_ERROR;
				GCC_WARN_UNDECLARED_SELECTOR = YES;
				GCC_WARN_UNINITIALIZED_AUTOS = YES_AGGRESSIVE;
				GCC_WARN_UNUSED_FUNCTION = YES;
				GCC_WARN_UNUSED_VARIABLE = YES;
				IPHONEOS_DEPLOYMENT_TARGET = 10.2;
				MTL_ENABLE_DEBUG_INFO = NO;
				SDKROOT = iphoneos;
				SWIFT_OPTIMIZATION_LEVEL = "-Owholemodule";
				VALIDATE_PRODUCT = YES;
			};
			name = Release;
		};
		4CBC607F1E7A2D42005C26D4 /* Debug */ = {
			isa = XCBuildConfiguration;
			baseConfigurationReference = 9DF0B5B857BD5A7222FE3C65 /* Pods-Rebut.debug.xcconfig */;
			buildSettings = {
				ASSETCATALOG_COMPILER_APPICON_NAME = AppIcon;
				CLANG_ENABLE_MODULES = YES;
				DEVELOPMENT_TEAM = XYNM954255;
				FRAMEWORK_SEARCH_PATHS = (
					"$(inherited)",
					"$(PROJECT_DIR)",
				);
				INFOPLIST_FILE = Rebut/Info.plist;
				IPHONEOS_DEPLOYMENT_TARGET = 10.0;
				LD_RUNPATH_SEARCH_PATHS = "$(inherited) @executable_path/Frameworks";
				PRODUCT_BUNDLE_IDENTIFIER = com.rashad.Rebut;
				PRODUCT_NAME = "$(TARGET_NAME)";
				SWIFT_OBJC_BRIDGING_HEADER = "Rebut/Rebut-Bridging-Header.h";
				SWIFT_OPTIMIZATION_LEVEL = "-Onone";
				SWIFT_VERSION = 3.0;
			};
			name = Debug;
		};
		4CBC60801E7A2D42005C26D4 /* Release */ = {
			isa = XCBuildConfiguration;
			baseConfigurationReference = 943F65BDAFADFC29B7F5B778 /* Pods-Rebut.release.xcconfig */;
			buildSettings = {
				ASSETCATALOG_COMPILER_APPICON_NAME = AppIcon;
				CLANG_ENABLE_MODULES = YES;
				DEVELOPMENT_TEAM = XYNM954255;
				FRAMEWORK_SEARCH_PATHS = (
					"$(inherited)",
					"$(PROJECT_DIR)",
				);
				INFOPLIST_FILE = Rebut/Info.plist;
				IPHONEOS_DEPLOYMENT_TARGET = 10.0;
				LD_RUNPATH_SEARCH_PATHS = "$(inherited) @executable_path/Frameworks";
				PRODUCT_BUNDLE_IDENTIFIER = com.rashad.Rebut;
				PRODUCT_NAME = "$(TARGET_NAME)";
				SWIFT_OBJC_BRIDGING_HEADER = "Rebut/Rebut-Bridging-Header.h";
				SWIFT_VERSION = 3.0;
			};
			name = Release;
		};
		4CBC60821E7A2D42005C26D4 /* Debug */ = {
			isa = XCBuildConfiguration;
			baseConfigurationReference = 4DF486554AA1466250700346 /* Pods-RebutTests.debug.xcconfig */;
			buildSettings = {
				ALWAYS_EMBED_SWIFT_STANDARD_LIBRARIES = YES;
				BUNDLE_LOADER = "$(TEST_HOST)";
				DEVELOPMENT_TEAM = XYNM954255;
				INFOPLIST_FILE = RebutTests/Info.plist;
				LD_RUNPATH_SEARCH_PATHS = "$(inherited) @executable_path/Frameworks @loader_path/Frameworks";
				PRODUCT_BUNDLE_IDENTIFIER = com.rashad.RebutTests;
				PRODUCT_NAME = "$(TARGET_NAME)";
				SWIFT_VERSION = 3.0;
				TEST_HOST = "$(BUILT_PRODUCTS_DIR)/Rebut.app/Rebut";
			};
			name = Debug;
		};
		4CBC60831E7A2D42005C26D4 /* Release */ = {
			isa = XCBuildConfiguration;
			baseConfigurationReference = A403E6898CD7C7C5C9739CA6 /* Pods-RebutTests.release.xcconfig */;
			buildSettings = {
				ALWAYS_EMBED_SWIFT_STANDARD_LIBRARIES = YES;
				BUNDLE_LOADER = "$(TEST_HOST)";
				DEVELOPMENT_TEAM = XYNM954255;
				INFOPLIST_FILE = RebutTests/Info.plist;
				LD_RUNPATH_SEARCH_PATHS = "$(inherited) @executable_path/Frameworks @loader_path/Frameworks";
				PRODUCT_BUNDLE_IDENTIFIER = com.rashad.RebutTests;
				PRODUCT_NAME = "$(TARGET_NAME)";
				SWIFT_VERSION = 3.0;
				TEST_HOST = "$(BUILT_PRODUCTS_DIR)/Rebut.app/Rebut";
			};
			name = Release;
		};
		4CBC60851E7A2D42005C26D4 /* Debug */ = {
			isa = XCBuildConfiguration;
			baseConfigurationReference = 30397E5ECE238FD07510D4E9 /* Pods-RebutUITests.debug.xcconfig */;
			buildSettings = {
				ALWAYS_EMBED_SWIFT_STANDARD_LIBRARIES = YES;
				DEVELOPMENT_TEAM = XYNM954255;
				INFOPLIST_FILE = RebutUITests/Info.plist;
				LD_RUNPATH_SEARCH_PATHS = "$(inherited) @executable_path/Frameworks @loader_path/Frameworks";
				PRODUCT_BUNDLE_IDENTIFIER = com.rashad.RebutUITests;
				PRODUCT_NAME = "$(TARGET_NAME)";
				SWIFT_VERSION = 3.0;
				TEST_TARGET_NAME = Rebut;
			};
			name = Debug;
		};
		4CBC60861E7A2D42005C26D4 /* Release */ = {
			isa = XCBuildConfiguration;
			baseConfigurationReference = 050939DF24F1E71FBC377296 /* Pods-RebutUITests.release.xcconfig */;
			buildSettings = {
				ALWAYS_EMBED_SWIFT_STANDARD_LIBRARIES = YES;
				DEVELOPMENT_TEAM = XYNM954255;
				INFOPLIST_FILE = RebutUITests/Info.plist;
				LD_RUNPATH_SEARCH_PATHS = "$(inherited) @executable_path/Frameworks @loader_path/Frameworks";
				PRODUCT_BUNDLE_IDENTIFIER = com.rashad.RebutUITests;
				PRODUCT_NAME = "$(TARGET_NAME)";
				SWIFT_VERSION = 3.0;
				TEST_TARGET_NAME = Rebut;
			};
			name = Release;
		};
/* End XCBuildConfiguration section */

/* Begin XCConfigurationList section */
		4CBC604F1E7A2D41005C26D4 /* Build configuration list for PBXProject "Rebut" */ = {
			isa = XCConfigurationList;
			buildConfigurations = (
				4CBC607C1E7A2D42005C26D4 /* Debug */,
				4CBC607D1E7A2D42005C26D4 /* Release */,
			);
			defaultConfigurationIsVisible = 0;
			defaultConfigurationName = Release;
		};
		4CBC607E1E7A2D42005C26D4 /* Build configuration list for PBXNativeTarget "Rebut" */ = {
			isa = XCConfigurationList;
			buildConfigurations = (
				4CBC607F1E7A2D42005C26D4 /* Debug */,
				4CBC60801E7A2D42005C26D4 /* Release */,
			);
			defaultConfigurationIsVisible = 0;
			defaultConfigurationName = Release;
		};
		4CBC60811E7A2D42005C26D4 /* Build configuration list for PBXNativeTarget "RebutTests" */ = {
			isa = XCConfigurationList;
			buildConfigurations = (
				4CBC60821E7A2D42005C26D4 /* Debug */,
				4CBC60831E7A2D42005C26D4 /* Release */,
			);
			defaultConfigurationIsVisible = 0;
			defaultConfigurationName = Release;
		};
		4CBC60841E7A2D42005C26D4 /* Build configuration list for PBXNativeTarget "RebutUITests" */ = {
			isa = XCConfigurationList;
			buildConfigurations = (
				4CBC60851E7A2D42005C26D4 /* Debug */,
				4CBC60861E7A2D42005C26D4 /* Release */,
			);
			defaultConfigurationIsVisible = 0;
			defaultConfigurationName = Release;
		};
/* End XCConfigurationList section */
	};
	rootObject = 4CBC604C1E7A2D41005C26D4 /* Project object */;
}
